
Microsoft Visual Studio Solution File, Format Version 12.00
# Visual Studio Version 16
VisualStudioVersion = 16.0.30011.22
MinimumVisualStudioVersion = 10.0.40219.1
Project("{FAE04EC0-301F-11D3-BF4B-00C04F79EFBC}") = "CursoCSharpAvancado", "CursoCSharpAvancado\CursoCSharpAvancado.csproj", "{94EC0472-7A29-4090-945B-73163839B9F1}"
EndProject
Project("{FAE04EC0-301F-11D3-BF4B-00C04F79EFBC}") = "Serializador", "Serializador\Serializador.csproj", "{571279F9-85AB-4A40-90C4-E65193A20492}"
EndProject
Project("{FAE04EC0-301F-11D3-BF4B-00C04F79EFBC}") = "Generics", "Generics\Generics.csproj", "{12DD7FF9-9A28-4219-AA38-586DE47C8AD0}"
EndProject
Project("{FAE04EC0-301F-11D3-BF4B-00C04F79EFBC}") = "LINQ JOIN", "LINQ JOIN\LINQ JOIN.csproj", "{91DC6465-F358-4BC7-9442-81DB89BE19DE}"
EndProject
Project("{FAE04EC0-301F-11D3-BF4B-00C04F79EFBC}") = "Delegates", "Delegates\Delegates.csproj", "{CF1FDF63-33EC-49A5-ADB2-5E9A5BFB9BBE}"
EndProject
Global
	GlobalSection(SolutionConfigurationPlatforms) = preSolution
		Debug|Any CPU = Debug|Any CPU
		Release|Any CPU = Release|Any CPU
	EndGlobalSection
	GlobalSection(ProjectConfigurationPlatforms) = postSolution
		{94EC0472-7A29-4090-945B-73163839B9F1}.Debug|Any CPU.ActiveCfg = Debug|Any CPU
		{94EC0472-7A29-4090-945B-73163839B9F1}.Debug|Any CPU.Build.0 = Debug|Any CPU
		{94EC0472-7A29-4090-945B-73163839B9F1}.Release|Any CPU.ActiveCfg = Release|Any CPU
		{94EC0472-7A29-4090-945B-73163839B9F1}.Release|Any CPU.Build.0 = Release|Any CPU
		{571279F9-85AB-4A40-90C4-E65193A20492}.Debug|Any CPU.ActiveCfg = Debug|Any CPU
		{571279F9-85AB-4A40-90C4-E65193A20492}.Debug|Any CPU.Build.0 = Debug|Any CPU
		{571279F9-85AB-4A40-90C4-E65193A20492}.Release|Any CPU.ActiveCfg = Release|Any CPU
		{571279F9-85AB-4A40-90C4-E65193A20492}.Release|Any CPU.Build.0 = Release|Any CPU
		{12DD7FF9-9A28-4219-AA38-586DE47C8AD0}.Debug|Any CPU.ActiveCfg = Debug|Any CPU
		{12DD7FF9-9A28-4219-AA38-586DE47C8AD0}.Debug|Any CPU.Build.0 = Debug|Any CPU
		{12DD7FF9-9A28-4219-AA38-586DE47C8AD0}.Release|Any CPU.ActiveCfg = Release|Any CPU
		{12DD7FF9-9A28-4219-AA38-586DE47C8AD0}.Release|Any CPU.Build.0 = Release|Any CPU
		{91DC6465-F358-4BC7-9442-81DB89BE19DE}.Debug|Any CPU.ActiveCfg = Debug|Any CPU
		{91DC6465-F358-4BC7-9442-81DB89BE19DE}.Debug|Any CPU.Build.0 = Debug|Any CPU
		{91DC6465-F358-4BC7-9442-81DB89BE19DE}.Release|Any CPU.ActiveCfg = Release|Any CPU
		{91DC6465-F358-4BC7-9442-81DB89BE19DE}.Release|Any CPU.Build.0 = Release|Any CPU
		{CF1FDF63-33EC-49A5-ADB2-5E9A5BFB9BBE}.Debug|Any CPU.ActiveCfg = Debug|Any CPU
		{CF1FDF63-33EC-49A5-ADB2-5E9A5BFB9BBE}.Debug|Any CPU.Build.0 = Debug|Any CPU
		{CF1FDF63-33EC-49A5-ADB2-5E9A5BFB9BBE}.Release|Any CPU.ActiveCfg = Release|Any CPU
		{CF1FDF63-33EC-49A5-ADB2-5E9A5BFB9BBE}.Release|Any CPU.Build.0 = Release|Any CPU
	EndGlobalSection
	GlobalSection(SolutionProperties) = preSolution
		HideSolutionNode = FALSE
	EndGlobalSection
	GlobalSection(ExtensibilityGlobals) = postSolution
		SolutionGuid = {58AB0FE4-E630-43C7-97F7-66976AFBD5E1}
	EndGlobalSection
EndGlobal
