
Microsoft Visual Studio Solution File, Format Version 12.00
# Visual Studio Version 16
VisualStudioVersion = 16.0.29709.97
MinimumVisualStudioVersion = 10.0.40219.1
Project("{9A19103F-16F7-4668-BE54-9A1E7A4F7556}") = "RecursosBasicosBlazor", "RecursosBasicosBlazor\RecursosBasicosBlazor.csproj", "{D230C1B3-9F43-40ED-80FC-A32C0120A1A4}"
EndProject
Project("{9A19103F-16F7-4668-BE54-9A1E7A4F7556}") = "Classes.Server", "Classes\Server\Classes.Server.csproj", "{30197135-0E1E-4910-A1B2-326DDD47F7C8}"
EndProject
Project("{9A19103F-16F7-4668-BE54-9A1E7A4F7556}") = "Classes.Client", "Classes\Client\Classes.Client.csproj", "{2F6E8962-B130-4F9A-867A-70EFA4415AB3}"
EndProject
Project("{9A19103F-16F7-4668-BE54-9A1E7A4F7556}") = "Classes.Shared", "Classes\Shared\Classes.Shared.csproj", "{463DC629-66CE-41D5-AB20-C51A0ACC586B}"
EndProject
Project("{9A19103F-16F7-4668-BE54-9A1E7A4F7556}") = "Tarefa", "Tarefa\Tarefa.csproj", "{7C6F4EEF-0B83-4FCC-BD58-90CA7AA2FC89}"
EndProject
Project("{9A19103F-16F7-4668-BE54-9A1E7A4F7556}") = "InjecaoDeDependencia", "InjecaoDeDependencia\InjecaoDeDependencia.csproj", "{362B7C4F-4B63-4FFD-A847-711D571AFD2C}"
EndProject
Project("{9A19103F-16F7-4668-BE54-9A1E7A4F7556}") = "ParametrosEmCascata", "ParametrosEmCascata\ParametrosEmCascata.csproj", "{E5CBDF96-E9F7-49B5-82EA-D3A7C800EB54}"
EndProject
Project("{FAE04EC0-301F-11D3-BF4B-00C04F79EFBC}") = "LocalStorage", "LocalStorage\LocalStorage.csproj", "{4D4CC13F-B0C4-47E5-BB53-69339D9B4862}"
EndProject
Global
	GlobalSection(SolutionConfigurationPlatforms) = preSolution
		Debug|Any CPU = Debug|Any CPU
		Release|Any CPU = Release|Any CPU
	EndGlobalSection
	GlobalSection(ProjectConfigurationPlatforms) = postSolution
		{D230C1B3-9F43-40ED-80FC-A32C0120A1A4}.Debug|Any CPU.ActiveCfg = Debug|Any CPU
		{D230C1B3-9F43-40ED-80FC-A32C0120A1A4}.Debug|Any CPU.Build.0 = Debug|Any CPU
		{D230C1B3-9F43-40ED-80FC-A32C0120A1A4}.Release|Any CPU.ActiveCfg = Release|Any CPU
		{D230C1B3-9F43-40ED-80FC-A32C0120A1A4}.Release|Any CPU.Build.0 = Release|Any CPU
		{30197135-0E1E-4910-A1B2-326DDD47F7C8}.Debug|Any CPU.ActiveCfg = Debug|Any CPU
		{30197135-0E1E-4910-A1B2-326DDD47F7C8}.Debug|Any CPU.Build.0 = Debug|Any CPU
		{30197135-0E1E-4910-A1B2-326DDD47F7C8}.Release|Any CPU.ActiveCfg = Release|Any CPU
		{30197135-0E1E-4910-A1B2-326DDD47F7C8}.Release|Any CPU.Build.0 = Release|Any CPU
		{2F6E8962-B130-4F9A-867A-70EFA4415AB3}.Debug|Any CPU.ActiveCfg = Debug|Any CPU
		{2F6E8962-B130-4F9A-867A-70EFA4415AB3}.Debug|Any CPU.Build.0 = Debug|Any CPU
		{2F6E8962-B130-4F9A-867A-70EFA4415AB3}.Release|Any CPU.ActiveCfg = Release|Any CPU
		{2F6E8962-B130-4F9A-867A-70EFA4415AB3}.Release|Any CPU.Build.0 = Release|Any CPU
		{463DC629-66CE-41D5-AB20-C51A0ACC586B}.Debug|Any CPU.ActiveCfg = Debug|Any CPU
		{463DC629-66CE-41D5-AB20-C51A0ACC586B}.Debug|Any CPU.Build.0 = Debug|Any CPU
		{463DC629-66CE-41D5-AB20-C51A0ACC586B}.Release|Any CPU.ActiveCfg = Release|Any CPU
		{463DC629-66CE-41D5-AB20-C51A0ACC586B}.Release|Any CPU.Build.0 = Release|Any CPU
		{7C6F4EEF-0B83-4FCC-BD58-90CA7AA2FC89}.Debug|Any CPU.ActiveCfg = Debug|Any CPU
		{7C6F4EEF-0B83-4FCC-BD58-90CA7AA2FC89}.Debug|Any CPU.Build.0 = Debug|Any CPU
		{7C6F4EEF-0B83-4FCC-BD58-90CA7AA2FC89}.Release|Any CPU.ActiveCfg = Release|Any CPU
		{7C6F4EEF-0B83-4FCC-BD58-90CA7AA2FC89}.Release|Any CPU.Build.0 = Release|Any CPU
		{362B7C4F-4B63-4FFD-A847-711D571AFD2C}.Debug|Any CPU.ActiveCfg = Debug|Any CPU
		{362B7C4F-4B63-4FFD-A847-711D571AFD2C}.Debug|Any CPU.Build.0 = Debug|Any CPU
		{362B7C4F-4B63-4FFD-A847-711D571AFD2C}.Release|Any CPU.ActiveCfg = Release|Any CPU
		{362B7C4F-4B63-4FFD-A847-711D571AFD2C}.Release|Any CPU.Build.0 = Release|Any CPU
		{E5CBDF96-E9F7-49B5-82EA-D3A7C800EB54}.Debug|Any CPU.ActiveCfg = Debug|Any CPU
		{E5CBDF96-E9F7-49B5-82EA-D3A7C800EB54}.Debug|Any CPU.Build.0 = Debug|Any CPU
		{E5CBDF96-E9F7-49B5-82EA-D3A7C800EB54}.Release|Any CPU.ActiveCfg = Release|Any CPU
		{E5CBDF96-E9F7-49B5-82EA-D3A7C800EB54}.Release|Any CPU.Build.0 = Release|Any CPU
		{4D4CC13F-B0C4-47E5-BB53-69339D9B4862}.Debug|Any CPU.ActiveCfg = Debug|Any CPU
		{4D4CC13F-B0C4-47E5-BB53-69339D9B4862}.Debug|Any CPU.Build.0 = Debug|Any CPU
		{4D4CC13F-B0C4-47E5-BB53-69339D9B4862}.Release|Any CPU.ActiveCfg = Release|Any CPU
		{4D4CC13F-B0C4-47E5-BB53-69339D9B4862}.Release|Any CPU.Build.0 = Release|Any CPU
	EndGlobalSection
	GlobalSection(SolutionProperties) = preSolution
		HideSolutionNode = FALSE
	EndGlobalSection
	GlobalSection(ExtensibilityGlobals) = postSolution
		SolutionGuid = {997F71CC-644A-4590-803C-D5AF8BDD5BE9}
	EndGlobalSection
EndGlobal
